
Microsoft Visual Studio Solution File, Format Version 12.00
# Visual Studio Version 16
VisualStudioVersion = 16.0.30011.22
MinimumVisualStudioVersion = 10.0.40219.1
Project("{FAE04EC0-301F-11D3-BF4B-00C04F79EFBC}") = "DomainEntities", "src\DomainEntities\DomainEntities.csproj", "{26AA4EB4-BBC8-4C0D-B341-60B023E72C6A}"
EndProject
Project("{FAE04EC0-301F-11D3-BF4B-00C04F79EFBC}") = "DataAccessLayer", "src\DataAccessLayer\DataAccessLayer.csproj", "{00A79E29-FBCB-4F1A-9A7A-A094147F6270}"
EndProject
Project("{FAE04EC0-301F-11D3-BF4B-00C04F79EFBC}") = "BuisnessLayer", "src\BuisnessLayer\BuisnessLayer.csproj", "{6204BF65-CA51-4E62-A286-9834912F9EE9}"
EndProject
Global
	GlobalSection(SolutionConfigurationPlatforms) = preSolution
		Debug|Any CPU = Debug|Any CPU
		Release|Any CPU = Release|Any CPU
	EndGlobalSection
	GlobalSection(ProjectConfigurationPlatforms) = postSolution
		{26AA4EB4-BBC8-4C0D-B341-60B023E72C6A}.Debug|Any CPU.ActiveCfg = Debug|Any CPU
		{26AA4EB4-BBC8-4C0D-B341-60B023E72C6A}.Debug|Any CPU.Build.0 = Debug|Any CPU
		{26AA4EB4-BBC8-4C0D-B341-60B023E72C6A}.Release|Any CPU.ActiveCfg = Release|Any CPU
		{26AA4EB4-BBC8-4C0D-B341-60B023E72C6A}.Release|Any CPU.Build.0 = Release|Any CPU
		{00A79E29-FBCB-4F1A-9A7A-A094147F6270}.Debug|Any CPU.ActiveCfg = Debug|Any CPU
		{00A79E29-FBCB-4F1A-9A7A-A094147F6270}.Debug|Any CPU.Build.0 = Debug|Any CPU
		{00A79E29-FBCB-4F1A-9A7A-A094147F6270}.Release|Any CPU.ActiveCfg = Release|Any CPU
		{00A79E29-FBCB-4F1A-9A7A-A094147F6270}.Release|Any CPU.Build.0 = Release|Any CPU
		{6204BF65-CA51-4E62-A286-9834912F9EE9}.Debug|Any CPU.ActiveCfg = Debug|Any CPU
		{6204BF65-CA51-4E62-A286-9834912F9EE9}.Debug|Any CPU.Build.0 = Debug|Any CPU
		{6204BF65-CA51-4E62-A286-9834912F9EE9}.Release|Any CPU.ActiveCfg = Release|Any CPU
		{6204BF65-CA51-4E62-A286-9834912F9EE9}.Release|Any CPU.Build.0 = Release|Any CPU
	EndGlobalSection
	GlobalSection(SolutionProperties) = preSolution
		HideSolutionNode = FALSE
	EndGlobalSection
	GlobalSection(ExtensibilityGlobals) = postSolution
		SolutionGuid = {81E67DBE-8C47-4C08-9A8D-21A03892B7DC}
	EndGlobalSection
EndGlobal
